
Microsoft Visual Studio Solution File, Format Version 12.00
# Visual Studio Version 17
VisualStudioVersion = 17.5.33516.290
MinimumVisualStudioVersion = 10.0.40219.1
Project("{9A19103F-16F7-4668-BE54-9A1E7A4F7556}") = "MaximTechnologyPractice", "MaximTechnologyPractice\MaximTechnologyPractice.csproj", "{10E184B9-B37C-45C0-892A-EC07D097B434}"
EndProject
Project("{FAE04EC0-301F-11D3-BF4B-00C04F79EFBC}") = "WebAPIMaximPractice", "WebAPIMaximPractice\WebAPIMaximPractice.csproj", "{8BBDA2D7-2ED2-46D9-8A9B-DBED35449124}"
EndProject
Global
	GlobalSection(SolutionConfigurationPlatforms) = preSolution
		Debug|Any CPU = Debug|Any CPU
		Release|Any CPU = Release|Any CPU
	EndGlobalSection
	GlobalSection(ProjectConfigurationPlatforms) = postSolution
		{10E184B9-B37C-45C0-892A-EC07D097B434}.Debug|Any CPU.ActiveCfg = Debug|Any CPU
		{10E184B9-B37C-45C0-892A-EC07D097B434}.Debug|Any CPU.Build.0 = Debug|Any CPU
		{10E184B9-B37C-45C0-892A-EC07D097B434}.Release|Any CPU.ActiveCfg = Release|Any CPU
		{10E184B9-B37C-45C0-892A-EC07D097B434}.Release|Any CPU.Build.0 = Release|Any CPU
		{8BBDA2D7-2ED2-46D9-8A9B-DBED35449124}.Debug|Any CPU.ActiveCfg = Debug|Any CPU
		{8BBDA2D7-2ED2-46D9-8A9B-DBED35449124}.Debug|Any CPU.Build.0 = Debug|Any CPU
		{8BBDA2D7-2ED2-46D9-8A9B-DBED35449124}.Release|Any CPU.ActiveCfg = Release|Any CPU
		{8BBDA2D7-2ED2-46D9-8A9B-DBED35449124}.Release|Any CPU.Build.0 = Release|Any CPU
	EndGlobalSection
	GlobalSection(SolutionProperties) = preSolution
		HideSolutionNode = FALSE
	EndGlobalSection
	GlobalSection(ExtensibilityGlobals) = postSolution
		SolutionGuid = {5AF566CA-1BFE-4512-853D-A91E3024B5E6}
	EndGlobalSection
EndGlobal
